{
  "object": {
    "pins": [
      {
        "package": "WatchSync",
        "repositoryURL": "https://github.com/cgaaf/WatchSync.git",
        "state": {
          "branch": "main",
          "revision": "e369765d5aa9cb5e95f85f51501d9fdb0dee6457",
          "version": null
        }
      }
    ]
  },
  "version": 1
}
